
Microsoft Visual Studio Solution File, Format Version 12.00
# Visual Studio Version 16
VisualStudioVersion = 16.0.32228.343
MinimumVisualStudioVersion = 10.0.40219.1
Project("{FAE04EC0-301F-11D3-BF4B-00C04F79EFBC}") = "EstacionaTEC", "EstacionaTEC\EstacionaTEC.csproj", "{F1695CCB-7926-4D48-BAD1-30D34475BA49}"
EndProject
Global
	GlobalSection(SolutionConfigurationPlatforms) = preSolution
		Debug|Any CPU = Debug|Any CPU
		Release|Any CPU = Release|Any CPU
	EndGlobalSection
	GlobalSection(ProjectConfigurationPlatforms) = postSolution
		{F1695CCB-7926-4D48-BAD1-30D34475BA49}.Debug|Any CPU.ActiveCfg = Debug|Any CPU
		{F1695CCB-7926-4D48-BAD1-30D34475BA49}.Debug|Any CPU.Build.0 = Debug|Any CPU
		{F1695CCB-7926-4D48-BAD1-30D34475BA49}.Release|Any CPU.ActiveCfg = Release|Any CPU
		{F1695CCB-7926-4D48-BAD1-30D34475BA49}.Release|Any CPU.Build.0 = Release|Any CPU
	EndGlobalSection
	GlobalSection(SolutionProperties) = preSolution
		HideSolutionNode = FALSE
	EndGlobalSection
	GlobalSection(ExtensibilityGlobals) = postSolution
		SolutionGuid = {C34DDF82-FC8E-442F-A263-7FC960C784C7}
	EndGlobalSection
EndGlobal
